// !$*UTF8*$!
{
	archiveVersion = 1;
	classes = {
	};
	objectVersion = 56;
	objects = {

/* Begin PBXBuildFile section */
		1308F60A29102021002D0212 /* Movie.swift in Sources */ = {isa = PBXBuildFile; fileRef = 1308F60929102021002D0212 /* Movie.swift */; };
		1308F60C2910203A002D0212 /* MovieDetail.swift in Sources */ = {isa = PBXBuildFile; fileRef = 1308F60B2910203A002D0212 /* MovieDetail.swift */; };
		1308F60E29102051002D0212 /* MovieResult.swift in Sources */ = {isa = PBXBuildFile; fileRef = 1308F60D29102051002D0212 /* MovieResult.swift */; };
		1308F61129102192002D0212 /* OMDbEndpoint.swift in Sources */ = {isa = PBXBuildFile; fileRef = 1308F61029102192002D0212 /* OMDbEndpoint.swift */; };
		1308F61329102249002D0212 /*  Int+Extension.swift in Sources */ = {isa = PBXBuildFile; fileRef = 1308F61229102249002D0212 /*  Int+Extension.swift */; };
		13177F22290E688900E3D107 /* MainRouter.swift in Sources */ = {isa = PBXBuildFile; fileRef = 13177F1E290E688900E3D107 /* MainRouter.swift */; };
		13177F23290E688900E3D107 /* MainViewController.swift in Sources */ = {isa = PBXBuildFile; fileRef = 13177F1F290E688900E3D107 /* MainViewController.swift */; };
		13177F24290E688900E3D107 /* MainViewModel.swift in Sources */ = {isa = PBXBuildFile; fileRef = 13177F20290E688900E3D107 /* MainViewModel.swift */; };
		13177F25290E688900E3D107 /* MainViewController.xib in Resources */ = {isa = PBXBuildFile; fileRef = 13177F21290E688900E3D107 /* MainViewController.xib */; };
		131B4138291024C0004816F8 /* OmdbRequest.swift in Sources */ = {isa = PBXBuildFile; fileRef = 131B4137291024C0004816F8 /* OmdbRequest.swift */; };
		135DFEA8290E7BA80015B2A3 /* MainTableViewCell.swift in Sources */ = {isa = PBXBuildFile; fileRef = 135DFEA6290E7BA80015B2A3 /* MainTableViewCell.swift */; };
		135DFEA9290E7BA80015B2A3 /* MainTableViewCell.xib in Resources */ = {isa = PBXBuildFile; fileRef = 135DFEA7290E7BA80015B2A3 /* MainTableViewCell.xib */; };
		1376C4F729127A9600DD1071 /* Strig+Extension.swift in Sources */ = {isa = PBXBuildFile; fileRef = 1376C4F629127A9600DD1071 /* Strig+Extension.swift */; };
		1385BBBE290D59D0004D1A55 /* AppDelegate.swift in Sources */ = {isa = PBXBuildFile; fileRef = 1385BBBD290D59D0004D1A55 /* AppDelegate.swift */; };
		1385BBC0290D59D0004D1A55 /* SceneDelegate.swift in Sources */ = {isa = PBXBuildFile; fileRef = 1385BBBF290D59D0004D1A55 /* SceneDelegate.swift */; };
		1385BBC7290D59D2004D1A55 /* Assets.xcassets in Resources */ = {isa = PBXBuildFile; fileRef = 1385BBC6290D59D2004D1A55 /* Assets.xcassets */; };
		1385BBD9290D5A98004D1A55 /* Poppins-Regular.ttf in Resources */ = {isa = PBXBuildFile; fileRef = 1385BBD5290D5A98004D1A55 /* Poppins-Regular.ttf */; };
		1385BBDA290D5A98004D1A55 /* Poppins-SemiBold.ttf in Resources */ = {isa = PBXBuildFile; fileRef = 1385BBD6290D5A98004D1A55 /* Poppins-SemiBold.ttf */; };
		1385BBDB290D5A98004D1A55 /* Poppins-Bold.ttf in Resources */ = {isa = PBXBuildFile; fileRef = 1385BBD7290D5A98004D1A55 /* Poppins-Bold.ttf */; };
		1385BBDC290D5A98004D1A55 /* Poppins-Medium.ttf in Resources */ = {isa = PBXBuildFile; fileRef = 1385BBD8290D5A98004D1A55 /* Poppins-Medium.ttf */; };
		1385BBE3290D5B08004D1A55 /* BaseViewModel.swift in Sources */ = {isa = PBXBuildFile; fileRef = 1385BBDF290D5B08004D1A55 /* BaseViewModel.swift */; };
		1385BBE4290D5B08004D1A55 /* BaseViewController.swift in Sources */ = {isa = PBXBuildFile; fileRef = 1385BBE0290D5B08004D1A55 /* BaseViewController.swift */; };
		1385BBE5290D5B08004D1A55 /* BaseRouter.swift in Sources */ = {isa = PBXBuildFile; fileRef = 1385BBE1290D5B08004D1A55 /* BaseRouter.swift */; };
		1385BBE6290D5B08004D1A55 /* BaseNavigationController.swift in Sources */ = {isa = PBXBuildFile; fileRef = 1385BBE2290D5B08004D1A55 /* BaseNavigationController.swift */; };
		1385BBE9290D5BE2004D1A55 /* Theme.swift in Sources */ = {isa = PBXBuildFile; fileRef = 1385BBE8290D5BE2004D1A55 /* Theme.swift */; };
		1385BBF1290D5C35004D1A55 /* UIApplication+Extensions.swift in Sources */ = {isa = PBXBuildFile; fileRef = 1385BBEC290D5C35004D1A55 /* UIApplication+Extensions.swift */; };
		1385BBF2290D5C35004D1A55 /* UIColor+Extensions.swift in Sources */ = {isa = PBXBuildFile; fileRef = 1385BBED290D5C35004D1A55 /* UIColor+Extensions.swift */; };
		1385BBF4290D5C35004D1A55 /* UIFont+Extensions.swift in Sources */ = {isa = PBXBuildFile; fileRef = 1385BBEF290D5C35004D1A55 /* UIFont+Extensions.swift */; };
		1385BBFB290D5CB1004D1A55 /* SplashRouter.swift in Sources */ = {isa = PBXBuildFile; fileRef = 1385BBF7290D5CB1004D1A55 /* SplashRouter.swift */; };
		1385BBFC290D5CB1004D1A55 /* SplashViewController.swift in Sources */ = {isa = PBXBuildFile; fileRef = 1385BBF8290D5CB1004D1A55 /* SplashViewController.swift */; };
		1385BBFD290D5CB1004D1A55 /* SplashViewModel.swift in Sources */ = {isa = PBXBuildFile; fileRef = 1385BBF9290D5CB1004D1A55 /* SplashViewModel.swift */; };
		1385BBFE290D5CB1004D1A55 /* SplashViewController.xib in Resources */ = {isa = PBXBuildFile; fileRef = 1385BBFA290D5CB1004D1A55 /* SplashViewController.xib */; };
		13CFAA50291268D500FFF75F /* AppDelegateExtensions.swift in Sources */ = {isa = PBXBuildFile; fileRef = 13CFAA4F291268D500FFF75F /* AppDelegateExtensions.swift */; };
		13DA6842290D64EB0054C010 /* GoogleService-Info.plist in Resources */ = {isa = PBXBuildFile; fileRef = 13DA6841290D64EB0054C010 /* GoogleService-Info.plist */; };
		13E85ED529111A170023B137 /* DetailRouter.swift in Sources */ = {isa = PBXBuildFile; fileRef = 13E85ED129111A170023B137 /* DetailRouter.swift */; };
		13E85ED629111A170023B137 /* DetailViewController.swift in Sources */ = {isa = PBXBuildFile; fileRef = 13E85ED229111A170023B137 /* DetailViewController.swift */; };
		13E85ED729111A170023B137 /* DetailViewModel.swift in Sources */ = {isa = PBXBuildFile; fileRef = 13E85ED329111A170023B137 /* DetailViewModel.swift */; };
		13E85ED829111A170023B137 /* DetailViewController.xib in Resources */ = {isa = PBXBuildFile; fileRef = 13E85ED429111A170023B137 /* DetailViewController.xib */; };
		13E85EDB291125EE0023B137 /* FirebaseManager.swift in Sources */ = {isa = PBXBuildFile; fileRef = 13E85EDA291125EE0023B137 /* FirebaseManager.swift */; };
		7340F0E66B3A58290763D9F7 /* Pods_Omdb_Api.framework in Frameworks */ = {isa = PBXBuildFile; fileRef = FE33238FC361BFDECA98C09F /* Pods_Omdb_Api.framework */; };
/* End PBXBuildFile section */

/* Begin PBXFileReference section */
		13038C602911442C00E17BAC /* Omdb-Api.entitlements */ = {isa = PBXFileReference; lastKnownFileType = text.plist.entitlements; path = "Omdb-Api.entitlements"; sourceTree = "<group>"; };
		1308F60929102021002D0212 /* Movie.swift */ = {isa = PBXFileReference; lastKnownFileType = sourcecode.swift; path = Movie.swift; sourceTree = "<group>"; };
		1308F60B2910203A002D0212 /* MovieDetail.swift */ = {isa = PBXFileReference; lastKnownFileType = sourcecode.swift; path = MovieDetail.swift; sourceTree = "<group>"; };
		1308F60D29102051002D0212 /* MovieResult.swift */ = {isa = PBXFileReference; lastKnownFileType = sourcecode.swift; path = MovieResult.swift; sourceTree = "<group>"; };
		1308F61029102192002D0212 /* OMDbEndpoint.swift */ = {isa = PBXFileReference; lastKnownFileType = sourcecode.swift; path = OMDbEndpoint.swift; sourceTree = "<group>"; };
		1308F61229102249002D0212 /*  Int+Extension.swift */ = {isa = PBXFileReference; lastKnownFileType = sourcecode.swift; path = " Int+Extension.swift"; sourceTree = "<group>"; };
		13177F1E290E688900E3D107 /* MainRouter.swift */ = {isa = PBXFileReference; lastKnownFileType = sourcecode.swift; path = MainRouter.swift; sourceTree = "<group>"; };
		13177F1F290E688900E3D107 /* MainViewController.swift */ = {isa = PBXFileReference; lastKnownFileType = sourcecode.swift; path = MainViewController.swift; sourceTree = "<group>"; };
		13177F20290E688900E3D107 /* MainViewModel.swift */ = {isa = PBXFileReference; lastKnownFileType = sourcecode.swift; path = MainViewModel.swift; sourceTree = "<group>"; };
		13177F21290E688900E3D107 /* MainViewController.xib */ = {isa = PBXFileReference; lastKnownFileType = file.xib; path = MainViewController.xib; sourceTree = "<group>"; };
		131B4137291024C0004816F8 /* OmdbRequest.swift */ = {isa = PBXFileReference; lastKnownFileType = sourcecode.swift; path = OmdbRequest.swift; sourceTree = "<group>"; };
		135DFEA6290E7BA80015B2A3 /* MainTableViewCell.swift */ = {isa = PBXFileReference; lastKnownFileType = sourcecode.swift; path = MainTableViewCell.swift; sourceTree = "<group>"; };
		135DFEA7290E7BA80015B2A3 /* MainTableViewCell.xib */ = {isa = PBXFileReference; lastKnownFileType = file.xib; path = MainTableViewCell.xib; sourceTree = "<group>"; };
		1376C4F629127A9600DD1071 /* Strig+Extension.swift */ = {isa = PBXFileReference; lastKnownFileType = sourcecode.swift; path = "Strig+Extension.swift"; sourceTree = "<group>"; };
		1385BBBA290D59D0004D1A55 /* Omdb-Api.app */ = {isa = PBXFileReference; explicitFileType = wrapper.application; includeInIndex = 0; path = "Omdb-Api.app"; sourceTree = BUILT_PRODUCTS_DIR; };
		1385BBBD290D59D0004D1A55 /* AppDelegate.swift */ = {isa = PBXFileReference; lastKnownFileType = sourcecode.swift; path = AppDelegate.swift; sourceTree = "<group>"; };
		1385BBBF290D59D0004D1A55 /* SceneDelegate.swift */ = {isa = PBXFileReference; lastKnownFileType = sourcecode.swift; path = SceneDelegate.swift; sourceTree = "<group>"; };
		1385BBC6290D59D2004D1A55 /* Assets.xcassets */ = {isa = PBXFileReference; lastKnownFileType = folder.assetcatalog; path = Assets.xcassets; sourceTree = "<group>"; };
		1385BBCB290D59D2004D1A55 /* Info.plist */ = {isa = PBXFileReference; lastKnownFileType = text.plist.xml; path = Info.plist; sourceTree = "<group>"; };
		1385BBD5290D5A98004D1A55 /* Poppins-Regular.ttf */ = {isa = PBXFileReference; lastKnownFileType = file; path = "Poppins-Regular.ttf"; sourceTree = "<group>"; };
		1385BBD6290D5A98004D1A55 /* Poppins-SemiBold.ttf */ = {isa = PBXFileReference; lastKnownFileType = file; path = "Poppins-SemiBold.ttf"; sourceTree = "<group>"; };
		1385BBD7290D5A98004D1A55 /* Poppins-Bold.ttf */ = {isa = PBXFileReference; lastKnownFileType = file; path = "Poppins-Bold.ttf"; sourceTree = "<group>"; };
		1385BBD8290D5A98004D1A55 /* Poppins-Medium.ttf */ = {isa = PBXFileReference; lastKnownFileType = file; path = "Poppins-Medium.ttf"; sourceTree = "<group>"; };
		1385BBDF290D5B08004D1A55 /* BaseViewModel.swift */ = {isa = PBXFileReference; fileEncoding = 4; lastKnownFileType = sourcecode.swift; path = BaseViewModel.swift; sourceTree = "<group>"; };
		1385BBE0290D5B08004D1A55 /* BaseViewController.swift */ = {isa = PBXFileReference; fileEncoding = 4; lastKnownFileType = sourcecode.swift; path = BaseViewController.swift; sourceTree = "<group>"; };
		1385BBE1290D5B08004D1A55 /* BaseRouter.swift */ = {isa = PBXFileReference; fileEncoding = 4; lastKnownFileType = sourcecode.swift; path = BaseRouter.swift; sourceTree = "<group>"; };
		1385BBE2290D5B08004D1A55 /* BaseNavigationController.swift */ = {isa = PBXFileReference; fileEncoding = 4; lastKnownFileType = sourcecode.swift; path = BaseNavigationController.swift; sourceTree = "<group>"; };
		1385BBE8290D5BE2004D1A55 /* Theme.swift */ = {isa = PBXFileReference; lastKnownFileType = sourcecode.swift; path = Theme.swift; sourceTree = "<group>"; };
		1385BBEC290D5C35004D1A55 /* UIApplication+Extensions.swift */ = {isa = PBXFileReference; fileEncoding = 4; lastKnownFileType = sourcecode.swift; path = "UIApplication+Extensions.swift"; sourceTree = "<group>"; };
		1385BBED290D5C35004D1A55 /* UIColor+Extensions.swift */ = {isa = PBXFileReference; fileEncoding = 4; lastKnownFileType = sourcecode.swift; path = "UIColor+Extensions.swift"; sourceTree = "<group>"; };
		1385BBEF290D5C35004D1A55 /* UIFont+Extensions.swift */ = {isa = PBXFileReference; fileEncoding = 4; lastKnownFileType = sourcecode.swift; path = "UIFont+Extensions.swift"; sourceTree = "<group>"; };
		1385BBF7290D5CB1004D1A55 /* SplashRouter.swift */ = {isa = PBXFileReference; lastKnownFileType = sourcecode.swift; path = SplashRouter.swift; sourceTree = "<group>"; };
		1385BBF8290D5CB1004D1A55 /* SplashViewController.swift */ = {isa = PBXFileReference; lastKnownFileType = sourcecode.swift; path = SplashViewController.swift; sourceTree = "<group>"; };
		1385BBF9290D5CB1004D1A55 /* SplashViewModel.swift */ = {isa = PBXFileReference; lastKnownFileType = sourcecode.swift; path = SplashViewModel.swift; sourceTree = "<group>"; };
		1385BBFA290D5CB1004D1A55 /* SplashViewController.xib */ = {isa = PBXFileReference; lastKnownFileType = file.xib; path = SplashViewController.xib; sourceTree = "<group>"; };
		13CFAA4F291268D500FFF75F /* AppDelegateExtensions.swift */ = {isa = PBXFileReference; lastKnownFileType = sourcecode.swift; path = AppDelegateExtensions.swift; sourceTree = "<group>"; };
		13DA6841290D64EB0054C010 /* GoogleService-Info.plist */ = {isa = PBXFileReference; fileEncoding = 4; lastKnownFileType = text.plist.xml; path = "GoogleService-Info.plist"; sourceTree = "<group>"; };
		13E85ED129111A170023B137 /* DetailRouter.swift */ = {isa = PBXFileReference; lastKnownFileType = sourcecode.swift; path = DetailRouter.swift; sourceTree = "<group>"; };
		13E85ED229111A170023B137 /* DetailViewController.swift */ = {isa = PBXFileReference; lastKnownFileType = sourcecode.swift; path = DetailViewController.swift; sourceTree = "<group>"; };
		13E85ED329111A170023B137 /* DetailViewModel.swift */ = {isa = PBXFileReference; lastKnownFileType = sourcecode.swift; path = DetailViewModel.swift; sourceTree = "<group>"; };
		13E85ED429111A170023B137 /* DetailViewController.xib */ = {isa = PBXFileReference; lastKnownFileType = file.xib; path = DetailViewController.xib; sourceTree = "<group>"; };
		13E85EDA291125EE0023B137 /* FirebaseManager.swift */ = {isa = PBXFileReference; lastKnownFileType = sourcecode.swift; path = FirebaseManager.swift; sourceTree = "<group>"; };
		580DF1A1024BDBCF7CF8A4F1 /* Pods-Omdb-Api.release.xcconfig */ = {isa = PBXFileReference; includeInIndex = 1; lastKnownFileType = text.xcconfig; name = "Pods-Omdb-Api.release.xcconfig"; path = "Target Support Files/Pods-Omdb-Api/Pods-Omdb-Api.release.xcconfig"; sourceTree = "<group>"; };
		C8BBB917B26BC734C8D2F718 /* Pods-Omdb-Api.debug.xcconfig */ = {isa = PBXFileReference; includeInIndex = 1; lastKnownFileType = text.xcconfig; name = "Pods-Omdb-Api.debug.xcconfig"; path = "Target Support Files/Pods-Omdb-Api/Pods-Omdb-Api.debug.xcconfig"; sourceTree = "<group>"; };
		FE33238FC361BFDECA98C09F /* Pods_Omdb_Api.framework */ = {isa = PBXFileReference; explicitFileType = wrapper.framework; includeInIndex = 0; path = Pods_Omdb_Api.framework; sourceTree = BUILT_PRODUCTS_DIR; };
/* End PBXFileReference section */

/* Begin PBXFrameworksBuildPhase section */
		1385BBB7290D59D0004D1A55 /* Frameworks */ = {
			isa = PBXFrameworksBuildPhase;
			buildActionMask = 2147483647;
			files = (
				7340F0E66B3A58290763D9F7 /* Pods_Omdb_Api.framework in Frameworks */,
			);
			runOnlyForDeploymentPostprocessing = 0;
		};
/* End PBXFrameworksBuildPhase section */

/* Begin PBXGroup section */
		1308F60729102001002D0212 /* Network */ = {
			isa = PBXGroup;
			children = (
				1308F60F29102164002D0212 /* OMDbApi */,
				1308F60829102009002D0212 /* Model */,
			);
			name = Network;
			sourceTree = "<group>";
		};
		1308F60829102009002D0212 /* Model */ = {
			isa = PBXGroup;
			children = (
				1308F60929102021002D0212 /* Movie.swift */,
				1308F60B2910203A002D0212 /* MovieDetail.swift */,
				1308F60D29102051002D0212 /* MovieResult.swift */,
			);
			name = Model;
			sourceTree = "<group>";
		};
		1308F60F29102164002D0212 /* OMDbApi */ = {
			isa = PBXGroup;
			children = (
				1308F61029102192002D0212 /* OMDbEndpoint.swift */,
				131B4137291024C0004816F8 /* OmdbRequest.swift */,
			);
			path = OMDbApi;
			sourceTree = "<group>";
		};
		13415DD3290D752A00050A15 /* Main */ = {
			isa = PBXGroup;
			children = (
				135DFEA5290E7B640015B2A3 /* MainCell */,
				13177F1E290E688900E3D107 /* MainRouter.swift */,
				13177F1F290E688900E3D107 /* MainViewController.swift */,
				13177F20290E688900E3D107 /* MainViewModel.swift */,
				13177F21290E688900E3D107 /* MainViewController.xib */,
			);
			name = Main;
			sourceTree = "<group>";
		};
		135DFEA5290E7B640015B2A3 /* MainCell */ = {
			isa = PBXGroup;
			children = (
				135DFEA6290E7BA80015B2A3 /* MainTableViewCell.swift */,
				135DFEA7290E7BA80015B2A3 /* MainTableViewCell.xib */,
			);
			path = MainCell;
			sourceTree = "<group>";
		};
		1385BBB1290D59D0004D1A55 = {
			isa = PBXGroup;
			children = (
				1385BBBC290D59D0004D1A55 /* Omdb-Api */,
				1385BBBB290D59D0004D1A55 /* Products */,
				67EAC9CE2F8A2ED5A7532047 /* Pods */,
				C7FBF2538C8CA935EA6D0954 /* Frameworks */,
			);
			sourceTree = "<group>";
		};
		1385BBBB290D59D0004D1A55 /* Products */ = {
			isa = PBXGroup;
			children = (
				1385BBBA290D59D0004D1A55 /* Omdb-Api.app */,
			);
			name = Products;
			sourceTree = "<group>";
		};
		1385BBBC290D59D0004D1A55 /* Omdb-Api */ = {
			isa = PBXGroup;
			children = (
				13038C602911442C00E17BAC /* Omdb-Api.entitlements */,
				13E85ED9291125DB0023B137 /* Managers */,
				1308F60729102001002D0212 /* Network */,
				1385BBD1290D59F3004D1A55 /* Application */,
				1385BBEA290D5C00004D1A55 /* Extensions */,
				1385BBE7290D5BC7004D1A55 /* Helpers */,
				1385BBD2290D5A1E004D1A55 /* Resources */,
				1385BBF5290D5C92004D1A55 /* Scenes */,
				1385BBDD290D5AEF004D1A55 /* Views */,
			);
			path = "Omdb-Api";
			sourceTree = "<group>";
		};
		1385BBD1290D59F3004D1A55 /* Application */ = {
			isa = PBXGroup;
			children = (
				1385BBBD290D59D0004D1A55 /* AppDelegate.swift */,
				1385BBBF290D59D0004D1A55 /* SceneDelegate.swift */,
			);
			path = Application;
			sourceTree = "<group>";
		};
		1385BBD2290D5A1E004D1A55 /* Resources */ = {
			isa = PBXGroup;
			children = (
				1385BBD3290D5A77004D1A55 /* Fonts */,
				1385BBCB290D59D2004D1A55 /* Info.plist */,
				13DA6841290D64EB0054C010 /* GoogleService-Info.plist */,
				1385BBC6290D59D2004D1A55 /* Assets.xcassets */,
			);
			path = Resources;
			sourceTree = "<group>";
		};
		1385BBD3290D5A77004D1A55 /* Fonts */ = {
			isa = PBXGroup;
			children = (
				1385BBD4290D5A87004D1A55 /* Poppins */,
			);
			name = Fonts;
			sourceTree = "<group>";
		};
		1385BBD4290D5A87004D1A55 /* Poppins */ = {
			isa = PBXGroup;
			children = (
				1385BBD7290D5A98004D1A55 /* Poppins-Bold.ttf */,
				1385BBD8290D5A98004D1A55 /* Poppins-Medium.ttf */,
				1385BBD5290D5A98004D1A55 /* Poppins-Regular.ttf */,
				1385BBD6290D5A98004D1A55 /* Poppins-SemiBold.ttf */,
			);
			path = Poppins;
			sourceTree = "<group>";
		};
		1385BBDD290D5AEF004D1A55 /* Views */ = {
			isa = PBXGroup;
			children = (
				1385BBDE290D5AFA004D1A55 /* Base */,
			);
			path = Views;
			sourceTree = "<group>";
		};
		1385BBDE290D5AFA004D1A55 /* Base */ = {
			isa = PBXGroup;
			children = (
				1385BBE2290D5B08004D1A55 /* BaseNavigationController.swift */,
				1385BBE1290D5B08004D1A55 /* BaseRouter.swift */,
				1385BBE0290D5B08004D1A55 /* BaseViewController.swift */,
				1385BBDF290D5B08004D1A55 /* BaseViewModel.swift */,
			);
			path = Base;
			sourceTree = "<group>";
		};
		1385BBE7290D5BC7004D1A55 /* Helpers */ = {
			isa = PBXGroup;
			children = (
				1385BBE8290D5BE2004D1A55 /* Theme.swift */,
			);
			name = Helpers;
			sourceTree = "<group>";
		};
		1385BBEA290D5C00004D1A55 /* Extensions */ = {
			isa = PBXGroup;
			children = (
				1385BBEC290D5C35004D1A55 /* UIApplication+Extensions.swift */,
				1385BBED290D5C35004D1A55 /* UIColor+Extensions.swift */,
				1385BBEF290D5C35004D1A55 /* UIFont+Extensions.swift */,
				1308F61229102249002D0212 /*  Int+Extension.swift */,
				13CFAA4F291268D500FFF75F /* AppDelegateExtensions.swift */,
				1376C4F629127A9600DD1071 /* Strig+Extension.swift */,
			);
			path = Extensions;
			sourceTree = "<group>";
		};
		1385BBF5290D5C92004D1A55 /* Scenes */ = {
			isa = PBXGroup;
			children = (
				13E85ED029111A010023B137 /* Detail */,
				13415DD3290D752A00050A15 /* Main */,
				1385BBF6290D5C9D004D1A55 /* Splash */,
			);
			path = Scenes;
			sourceTree = "<group>";
		};
		1385BBF6290D5C9D004D1A55 /* Splash */ = {
			isa = PBXGroup;
			children = (
				1385BBF7290D5CB1004D1A55 /* SplashRouter.swift */,
				1385BBF8290D5CB1004D1A55 /* SplashViewController.swift */,
				1385BBF9290D5CB1004D1A55 /* SplashViewModel.swift */,
				1385BBFA290D5CB1004D1A55 /* SplashViewController.xib */,
			);
			path = Splash;
			sourceTree = "<group>";
		};
		13E85ED029111A010023B137 /* Detail */ = {
			isa = PBXGroup;
			children = (
				13E85ED129111A170023B137 /* DetailRouter.swift */,
				13E85ED229111A170023B137 /* DetailViewController.swift */,
				13E85ED329111A170023B137 /* DetailViewModel.swift */,
				13E85ED429111A170023B137 /* DetailViewController.xib */,
			);
			name = Detail;
			sourceTree = "<group>";
		};
		13E85ED9291125DB0023B137 /* Managers */ = {
			isa = PBXGroup;
			children = (
				13E85EDA291125EE0023B137 /* FirebaseManager.swift */,
			);
			name = Managers;
			sourceTree = "<group>";
		};
		67EAC9CE2F8A2ED5A7532047 /* Pods */ = {
			isa = PBXGroup;
			children = (
				C8BBB917B26BC734C8D2F718 /* Pods-Omdb-Api.debug.xcconfig */,
				580DF1A1024BDBCF7CF8A4F1 /* Pods-Omdb-Api.release.xcconfig */,
			);
			path = Pods;
			sourceTree = "<group>";
		};
		C7FBF2538C8CA935EA6D0954 /* Frameworks */ = {
			isa = PBXGroup;
			children = (
				FE33238FC361BFDECA98C09F /* Pods_Omdb_Api.framework */,
			);
			name = Frameworks;
			sourceTree = "<group>";
		};
/* End PBXGroup section */

/* Begin PBXNativeTarget section */
		1385BBB9290D59D0004D1A55 /* Omdb-Api */ = {
			isa = PBXNativeTarget;
			buildConfigurationList = 1385BBCE290D59D2004D1A55 /* Build configuration list for PBXNativeTarget "Omdb-Api" */;
			buildPhases = (
				43444E118F3621E0B3FDB3EE /* [CP] Check Pods Manifest.lock */,
				1385BBB6290D59D0004D1A55 /* Sources */,
				1385BBB7290D59D0004D1A55 /* Frameworks */,
				1385BBB8290D59D0004D1A55 /* Resources */,
				8BF04B2D80AA63B96692D9A0 /* [CP] Embed Pods Frameworks */,
			);
			buildRules = (
			);
			dependencies = (
			);
			name = "Omdb-Api";
			productName = "Omdb-Api";
			productReference = 1385BBBA290D59D0004D1A55 /* Omdb-Api.app */;
			productType = "com.apple.product-type.application";
		};
/* End PBXNativeTarget section */

/* Begin PBXProject section */
		1385BBB2290D59D0004D1A55 /* Project object */ = {
			isa = PBXProject;
			attributes = {
				BuildIndependentTargetsInParallel = 1;
				LastSwiftUpdateCheck = 1400;
				LastUpgradeCheck = 1400;
				TargetAttributes = {
					1385BBB9290D59D0004D1A55 = {
						CreatedOnToolsVersion = 14.0.1;
					};
				};
			};
			buildConfigurationList = 1385BBB5290D59D0004D1A55 /* Build configuration list for PBXProject "Omdb-Api" */;
			compatibilityVersion = "Xcode 14.0";
			developmentRegion = en;
			hasScannedForEncodings = 0;
			knownRegions = (
				en,
				Base,
			);
			mainGroup = 1385BBB1290D59D0004D1A55;
			productRefGroup = 1385BBBB290D59D0004D1A55 /* Products */;
			projectDirPath = "";
			projectRoot = "";
			targets = (
				1385BBB9290D59D0004D1A55 /* Omdb-Api */,
			);
		};
/* End PBXProject section */

/* Begin PBXResourcesBuildPhase section */
		1385BBB8290D59D0004D1A55 /* Resources */ = {
			isa = PBXResourcesBuildPhase;
			buildActionMask = 2147483647;
			files = (
				135DFEA9290E7BA80015B2A3 /* MainTableViewCell.xib in Resources */,
				1385BBDA290D5A98004D1A55 /* Poppins-SemiBold.ttf in Resources */,
				1385BBFE290D5CB1004D1A55 /* SplashViewController.xib in Resources */,
				1385BBDC290D5A98004D1A55 /* Poppins-Medium.ttf in Resources */,
				13177F25290E688900E3D107 /* MainViewController.xib in Resources */,
				1385BBDB290D5A98004D1A55 /* Poppins-Bold.ttf in Resources */,
				1385BBC7290D59D2004D1A55 /* Assets.xcassets in Resources */,
				13E85ED829111A170023B137 /* DetailViewController.xib in Resources */,
				1385BBD9290D5A98004D1A55 /* Poppins-Regular.ttf in Resources */,
				13DA6842290D64EB0054C010 /* GoogleService-Info.plist in Resources */,
			);
			runOnlyForDeploymentPostprocessing = 0;
		};
/* End PBXResourcesBuildPhase section */

/* Begin PBXShellScriptBuildPhase section */
		43444E118F3621E0B3FDB3EE /* [CP] Check Pods Manifest.lock */ = {
			isa = PBXShellScriptBuildPhase;
			buildActionMask = 2147483647;
			files = (
			);
			inputFileListPaths = (
			);
			inputPaths = (
				"${PODS_PODFILE_DIR_PATH}/Podfile.lock",
				"${PODS_ROOT}/Manifest.lock",
			);
			name = "[CP] Check Pods Manifest.lock";
			outputFileListPaths = (
			);
			outputPaths = (
				"$(DERIVED_FILE_DIR)/Pods-Omdb-Api-checkManifestLockResult.txt",
			);
			runOnlyForDeploymentPostprocessing = 0;
			shellPath = /bin/sh;
			shellScript = "diff \"${PODS_PODFILE_DIR_PATH}/Podfile.lock\" \"${PODS_ROOT}/Manifest.lock\" > /dev/null\nif [ $? != 0 ] ; then\n    # print error to STDERR\n    echo \"error: The sandbox is not in sync with the Podfile.lock. Run 'pod install' or update your CocoaPods installation.\" >&2\n    exit 1\nfi\n# This output is used by Xcode 'outputs' to avoid re-running this script phase.\necho \"SUCCESS\" > \"${SCRIPT_OUTPUT_FILE_0}\"\n";
			showEnvVarsInLog = 0;
		};
		8BF04B2D80AA63B96692D9A0 /* [CP] Embed Pods Frameworks */ = {
			isa = PBXShellScriptBuildPhase;
			buildActionMask = 2147483647;
			files = (
			);
			inputFileListPaths = (
				"${PODS_ROOT}/Target Support Files/Pods-Omdb-Api/Pods-Omdb-Api-frameworks-${CONFIGURATION}-input-files.xcfilelist",
			);
			name = "[CP] Embed Pods Frameworks";
			outputFileListPaths = (
				"${PODS_ROOT}/Target Support Files/Pods-Omdb-Api/Pods-Omdb-Api-frameworks-${CONFIGURATION}-output-files.xcfilelist",
			);
			runOnlyForDeploymentPostprocessing = 0;
			shellPath = /bin/sh;
			shellScript = "\"${PODS_ROOT}/Target Support Files/Pods-Omdb-Api/Pods-Omdb-Api-frameworks.sh\"\n";
			showEnvVarsInLog = 0;
		};
/* End PBXShellScriptBuildPhase section */

/* Begin PBXSourcesBuildPhase section */
		1385BBB6290D59D0004D1A55 /* Sources */ = {
			isa = PBXSourcesBuildPhase;
			buildActionMask = 2147483647;
			files = (
				13E85ED529111A170023B137 /* DetailRouter.swift in Sources */,
				1385BBF1290D5C35004D1A55 /* UIApplication+Extensions.swift in Sources */,
				13177F22290E688900E3D107 /* MainRouter.swift in Sources */,
				1308F60A29102021002D0212 /* Movie.swift in Sources */,
				13E85ED729111A170023B137 /* DetailViewModel.swift in Sources */,
				1385BBE4290D5B08004D1A55 /* BaseViewController.swift in Sources */,
				1385BBE9290D5BE2004D1A55 /* Theme.swift in Sources */,
				1385BBFC290D5CB1004D1A55 /* SplashViewController.swift in Sources */,
				1376C4F729127A9600DD1071 /* Strig+Extension.swift in Sources */,
				1385BBE6290D5B08004D1A55 /* BaseNavigationController.swift in Sources */,
				1308F60E29102051002D0212 /* MovieResult.swift in Sources */,
				135DFEA8290E7BA80015B2A3 /* MainTableViewCell.swift in Sources */,
				1385BBE5290D5B08004D1A55 /* BaseRouter.swift in Sources */,
				1385BBE3290D5B08004D1A55 /* BaseViewModel.swift in Sources */,
				13E85ED629111A170023B137 /* DetailViewController.swift in Sources */,
				1385BBF2290D5C35004D1A55 /* UIColor+Extensions.swift in Sources */,
				13E85EDB291125EE0023B137 /* FirebaseManager.swift in Sources */,
				1308F61329102249002D0212 /*  Int+Extension.swift in Sources */,
				13177F23290E688900E3D107 /* MainViewController.swift in Sources */,
				1308F60C2910203A002D0212 /* MovieDetail.swift in Sources */,
				131B4138291024C0004816F8 /* OmdbRequest.swift in Sources */,
				1385BBFD290D5CB1004D1A55 /* SplashViewModel.swift in Sources */,
				1385BBF4290D5C35004D1A55 /* UIFont+Extensions.swift in Sources */,
				13CFAA50291268D500FFF75F /* AppDelegateExtensions.swift in Sources */,
				1308F61129102192002D0212 /* OMDbEndpoint.swift in Sources */,
				1385BBBE290D59D0004D1A55 /* AppDelegate.swift in Sources */,
				1385BBFB290D5CB1004D1A55 /* SplashRouter.swift in Sources */,
				1385BBC0290D59D0004D1A55 /* SceneDelegate.swift in Sources */,
				13177F24290E688900E3D107 /* MainViewModel.swift in Sources */,
			);
			runOnlyForDeploymentPostprocessing = 0;
		};
/* End PBXSourcesBuildPhase section */

/* Begin XCBuildConfiguration section */
		1385BBCC290D59D2004D1A55 /* Debug */ = {
			isa = XCBuildConfiguration;
			buildSettings = {
				ALWAYS_SEARCH_USER_PATHS = NO;
				CLANG_ANALYZER_NONNULL = YES;
				CLANG_ANALYZER_NUMBER_OBJECT_CONVERSION = YES_AGGRESSIVE;
				CLANG_CXX_LANGUAGE_STANDARD = "gnu++20";
				CLANG_ENABLE_MODULES = YES;
				CLANG_ENABLE_OBJC_ARC = YES;
				CLANG_ENABLE_OBJC_WEAK = YES;
				CLANG_WARN_BLOCK_CAPTURE_AUTORELEASING = YES;
				CLANG_WARN_BOOL_CONVERSION = YES;
				CLANG_WARN_COMMA = YES;
				CLANG_WARN_CONSTANT_CONVERSION = YES;
				CLANG_WARN_DEPRECATED_OBJC_IMPLEMENTATIONS = YES;
				CLANG_WARN_DIRECT_OBJC_ISA_USAGE = YES_ERROR;
				CLANG_WARN_DOCUMENTATION_COMMENTS = YES;
				CLANG_WARN_EMPTY_BODY = YES;
				CLANG_WARN_ENUM_CONVERSION = YES;
				CLANG_WARN_INFINITE_RECURSION = YES;
				CLANG_WARN_INT_CONVERSION = YES;
				CLANG_WARN_NON_LITERAL_NULL_CONVERSION = YES;
				CLANG_WARN_OBJC_IMPLICIT_RETAIN_SELF = YES;
				CLANG_WARN_OBJC_LITERAL_CONVERSION = YES;
				CLANG_WARN_OBJC_ROOT_CLASS = YES_ERROR;
				CLANG_WARN_QUOTED_INCLUDE_IN_FRAMEWORK_HEADER = YES;
				CLANG_WARN_RANGE_LOOP_ANALYSIS = YES;
				CLANG_WARN_STRICT_PROTOTYPES = YES;
				CLANG_WARN_SUSPICIOUS_MOVE = YES;
				CLANG_WARN_UNGUARDED_AVAILABILITY = YES_AGGRESSIVE;
				CLANG_WARN_UNREACHABLE_CODE = YES;
				CLANG_WARN__DUPLICATE_METHOD_MATCH = YES;
				COPY_PHASE_STRIP = NO;
				DEBUG_INFORMATION_FORMAT = dwarf;
				ENABLE_STRICT_OBJC_MSGSEND = YES;
				ENABLE_TESTABILITY = YES;
				GCC_C_LANGUAGE_STANDARD = gnu11;
				GCC_DYNAMIC_NO_PIC = NO;
				GCC_NO_COMMON_BLOCKS = YES;
				GCC_OPTIMIZATION_LEVEL = 0;
				GCC_PREPROCESSOR_DEFINITIONS = (
					"DEBUG=1",
					"$(inherited)",
				);
				GCC_WARN_64_TO_32_BIT_CONVERSION = YES;
				GCC_WARN_ABOUT_RETURN_TYPE = YES_ERROR;
				GCC_WARN_UNDECLARED_SELECTOR = YES;
				GCC_WARN_UNINITIALIZED_AUTOS = YES_AGGRESSIVE;
				GCC_WARN_UNUSED_FUNCTION = YES;
				GCC_WARN_UNUSED_VARIABLE = YES;
				IPHONEOS_DEPLOYMENT_TARGET = 16.0;
				MTL_ENABLE_DEBUG_INFO = INCLUDE_SOURCE;
				MTL_FAST_MATH = YES;
				ONLY_ACTIVE_ARCH = YES;
				SDKROOT = iphoneos;
				SWIFT_ACTIVE_COMPILATION_CONDITIONS = DEBUG;
				SWIFT_OPTIMIZATION_LEVEL = "-Onone";
			};
			name = Debug;
		};
		1385BBCD290D59D2004D1A55 /* Release */ = {
			isa = XCBuildConfiguration;
			buildSettings = {
				ALWAYS_SEARCH_USER_PATHS = NO;
				CLANG_ANALYZER_NONNULL = YES;
				CLANG_ANALYZER_NUMBER_OBJECT_CONVERSION = YES_AGGRESSIVE;
				CLANG_CXX_LANGUAGE_STANDARD = "gnu++20";
				CLANG_ENABLE_MODULES = YES;
				CLANG_ENABLE_OBJC_ARC = YES;
				CLANG_ENABLE_OBJC_WEAK = YES;
				CLANG_WARN_BLOCK_CAPTURE_AUTORELEASING = YES;
				CLANG_WARN_BOOL_CONVERSION = YES;
				CLANG_WARN_COMMA = YES;
				CLANG_WARN_CONSTANT_CONVERSION = YES;
				CLANG_WARN_DEPRECATED_OBJC_IMPLEMENTATIONS = YES;
				CLANG_WARN_DIRECT_OBJC_ISA_USAGE = YES_ERROR;
				CLANG_WARN_DOCUMENTATION_COMMENTS = YES;
				CLANG_WARN_EMPTY_BODY = YES;
				CLANG_WARN_ENUM_CONVERSION = YES;
				CLANG_WARN_INFINITE_RECURSION = YES;
				CLANG_WARN_INT_CONVERSION = YES;
				CLANG_WARN_NON_LITERAL_NULL_CONVERSION = YES;
				CLANG_WARN_OBJC_IMPLICIT_RETAIN_SELF = YES;
				CLANG_WARN_OBJC_LITERAL_CONVERSION = YES;
				CLANG_WARN_OBJC_ROOT_CLASS = YES_ERROR;
				CLANG_WARN_QUOTED_INCLUDE_IN_FRAMEWORK_HEADER = YES;
				CLANG_WARN_RANGE_LOOP_ANALYSIS = YES;
				CLANG_WARN_STRICT_PROTOTYPES = YES;
				CLANG_WARN_SUSPICIOUS_MOVE = YES;
				CLANG_WARN_UNGUARDED_AVAILABILITY = YES_AGGRESSIVE;
				CLANG_WARN_UNREACHABLE_CODE = YES;
				CLANG_WARN__DUPLICATE_METHOD_MATCH = YES;
				COPY_PHASE_STRIP = NO;
				DEBUG_INFORMATION_FORMAT = "dwarf-with-dsym";
				ENABLE_NS_ASSERTIONS = NO;
				ENABLE_STRICT_OBJC_MSGSEND = YES;
				GCC_C_LANGUAGE_STANDARD = gnu11;
				GCC_NO_COMMON_BLOCKS = YES;
				GCC_WARN_64_TO_32_BIT_CONVERSION = YES;
				GCC_WARN_ABOUT_RETURN_TYPE = YES_ERROR;
				GCC_WARN_UNDECLARED_SELECTOR = YES;
				GCC_WARN_UNINITIALIZED_AUTOS = YES_AGGRESSIVE;
				GCC_WARN_UNUSED_FUNCTION = YES;
				GCC_WARN_UNUSED_VARIABLE = YES;
				IPHONEOS_DEPLOYMENT_TARGET = 16.0;
				MTL_ENABLE_DEBUG_INFO = NO;
				MTL_FAST_MATH = YES;
				SDKROOT = iphoneos;
				SWIFT_COMPILATION_MODE = wholemodule;
				SWIFT_OPTIMIZATION_LEVEL = "-O";
				VALIDATE_PRODUCT = YES;
			};
			name = Release;
		};
		1385BBCF290D59D2004D1A55 /* Debug */ = {
			isa = XCBuildConfiguration;
			baseConfigurationReference = C8BBB917B26BC734C8D2F718 /* Pods-Omdb-Api.debug.xcconfig */;
			buildSettings = {
				ASSETCATALOG_COMPILER_APPICON_NAME = AppIcon;
				ASSETCATALOG_COMPILER_GLOBAL_ACCENT_COLOR_NAME = AccentColor;
				CODE_SIGN_ENTITLEMENTS = "Omdb-Api/Omdb-Api.entitlements";
				CODE_SIGN_STYLE = Automatic;
				CURRENT_PROJECT_VERSION = 1;
				DEVELOPMENT_TEAM = S8QK476L9H;
				GENERATE_INFOPLIST_FILE = YES;
				INFOPLIST_FILE = "Omdb-Api/Resources/Info.plist";
				INFOPLIST_KEY_CFBundleDisplayName = Omdb;
				INFOPLIST_KEY_UIApplicationSupportsIndirectInputEvents = YES;
				INFOPLIST_KEY_UILaunchStoryboardName = LaunchScreen;
				INFOPLIST_KEY_UIMainStoryboardFile = "";
				INFOPLIST_KEY_UISupportedInterfaceOrientations = "UIInterfaceOrientationLandscapeLeft UIInterfaceOrientationLandscapeRight UIInterfaceOrientationPortrait";
				LD_RUNPATH_SEARCH_PATHS = (
					"$(inherited)",
					"@executable_path/Frameworks",
				);
				MARKETING_VERSION = 1.0;
				PRODUCT_BUNDLE_IDENTIFIER = "com.xzips.Omdb-Api";
				PRODUCT_NAME = "$(TARGET_NAME)";
				SUPPORTED_PLATFORMS = "iphoneos iphonesimulator";
				SUPPORTS_MACCATALYST = NO;
				SUPPORTS_MAC_DESIGNED_FOR_IPHONE_IPAD = NO;
				SWIFT_EMIT_LOC_STRINGS = YES;
				SWIFT_VERSION = 5.0;
				TARGETED_DEVICE_FAMILY = 1;
			};
			name = Debug;
		};
		1385BBD0290D59D2004D1A55 /* Release */ = {
			isa = XCBuildConfiguration;
			baseConfigurationReference = 580DF1A1024BDBCF7CF8A4F1 /* Pods-Omdb-Api.release.xcconfig */;
			buildSettings = {
				ASSETCATALOG_COMPILER_APPICON_NAME = AppIcon;
				ASSETCATALOG_COMPILER_GLOBAL_ACCENT_COLOR_NAME = AccentColor;
				CODE_SIGN_ENTITLEMENTS = "Omdb-Api/Omdb-Api.entitlements";
				CODE_SIGN_STYLE = Automatic;
				CURRENT_PROJECT_VERSION = 1;
				DEVELOPMENT_TEAM = S8QK476L9H;
				GENERATE_INFOPLIST_FILE = YES;
				INFOPLIST_FILE = "Omdb-Api/Resources/Info.plist";
				INFOPLIST_KEY_CFBundleDisplayName = Omdb;
				INFOPLIST_KEY_UIApplicationSupportsIndirectInputEvents = YES;
				INFOPLIST_KEY_UILaunchStoryboardName = LaunchScreen;
				INFOPLIST_KEY_UIMainStoryboardFile = "";
				INFOPLIST_KEY_UISupportedInterfaceOrientations = "UIInterfaceOrientationLandscapeLeft UIInterfaceOrientationLandscapeRight UIInterfaceOrientationPortrait";
				LD_RUNPATH_SEARCH_PATHS = (
					"$(inherited)",
					"@executable_path/Frameworks",
				);
				MARKETING_VERSION = 1.0;
				PRODUCT_BUNDLE_IDENTIFIER = "com.xzips.Omdb-Api";
				PRODUCT_NAME = "$(TARGET_NAME)";
				SUPPORTED_PLATFORMS = "iphoneos iphonesimulator";
				SUPPORTS_MACCATALYST = NO;
				SUPPORTS_MAC_DESIGNED_FOR_IPHONE_IPAD = NO;
				SWIFT_EMIT_LOC_STRINGS = YES;
				SWIFT_VERSION = 5.0;
				TARGETED_DEVICE_FAMILY = 1;
			};
			name = Release;
		};
/* End XCBuildConfiguration section */

/* Begin XCConfigurationList section */
		1385BBB5290D59D0004D1A55 /* Build configuration list for PBXProject "Omdb-Api" */ = {
			isa = XCConfigurationList;
			buildConfigurations = (
				1385BBCC290D59D2004D1A55 /* Debug */,
				1385BBCD290D59D2004D1A55 /* Release */,
			);
			defaultConfigurationIsVisible = 0;
			defaultConfigurationName = Release;
		};
		1385BBCE290D59D2004D1A55 /* Build configuration list for PBXNativeTarget "Omdb-Api" */ = {
			isa = XCConfigurationList;
			buildConfigurations = (
				1385BBCF290D59D2004D1A55 /* Debug */,
				1385BBD0290D59D2004D1A55 /* Release */,
			);
			defaultConfigurationIsVisible = 0;
			defaultConfigurationName = Release;
		};
/* End XCConfigurationList section */
	};
	rootObject = 1385BBB2290D59D0004D1A55 /* Project object */;
}
